// !$*UTF8*$!
{
	archiveVersion = 1;
	classes = {
	};
	objectVersion = 110;
	objects = {

/* Begin PBXContainerItemProxy section */
		654548DC30077F48005BB222 /* PBXContainerItemProxy */ = {
			isa = PBXContainerItemProxy;
			containerPortal = 654548C430077F47005BB222 /* Project object */;
			proxyType = 1;
			remoteGlobalIDString = 654548CB30077F47005BB222;
			remoteInfo = CryptoPulse;
		};
		654548E630077F48005BB222 /* PBXContainerItemProxy */ = {
			isa = PBXContainerItemProxy;
			containerPortal = 654548C430077F47005BB222 /* Project object */;
			proxyType = 1;
			remoteGlobalIDString = 654548CB30077F47005BB222;
			remoteInfo = CryptoPulse;
		};
/* End PBXContainerItemProxy section */

/* Begin PBXFileReference section */
		654548CC30077F47005BB222 /* CryptoPulse.app */ = {isa = PBXFileReference; explicitFileType = wrapper.application; includeInIndex = 0; path = CryptoPulse.app; sourceTree = BUILT_PRODUCTS_DIR; };
		654548DB30077F48005BB222 /* CryptoPulseTests.xctest */ = {isa = PBXFileReference; explicitFileType = wrapper.cfbundle; includeInIndex = 0; path = CryptoPulseTests.xctest; sourceTree = BUILT_PRODUCTS_DIR; };
		654548E530077F48005BB222 /* CryptoPulseUITests.xctest */ = {isa = PBXFileReference; explicitFileType = wrapper.cfbundle; includeInIndex = 0; path = CryptoPulseUITests.xctest; sourceTree = BUILT_PRODUCTS_DIR; };
/* End PBXFileReference section */

/* Begin PBXFileSystemSynchronizedBuildFileExceptionSet section */
		656C89293008DD4200569FDD /* Exceptions for "CryptoPulseTests" folder in "CryptoPulse" target */ = {
			isa = PBXFileSystemSynchronizedBuildFileExceptionSet;
			membershipExceptions = (
				Tests/Mocks/MockAPIClient.swift,
				Tests/Mocks/MockCacheStore.swift,
				Tests/Mocks/MockLogger.swift,
				Tests/Mocks/MockPortfolioRepository.swift,
				Tests/Models/CoinTests.swift,
				Tests/Networking/APIClientTests.swift,
				Tests/Networking/RequestBuilderTests.swift,
				Tests/Networking/ResponseValidatorTests.swift,
				Tests/Networking/URLSessionAPIClientTests.swift,
				Tests/Repositories/CoinRepositoryTests.swift,
				Tests/Repositories/PortfolioRepositoryTests.swift,
				Tests/Utilities/LoggerTests.swift,
				Tests/ViewModel/HomeViewModelTests.swift,
				Tests/ViewModel/MarketViewModelTests.swift,
			);
			target = 654548CB30077F47005BB222 /* CryptoPulse */;
		};
		656C892A3008DD4200569FDD /* Exceptions for "CryptoPulseTests" folder in "CryptoPulseTests" target */ = {
			isa = PBXFileSystemSynchronizedBuildFileExceptionSet;
			membershipExceptions = (
				Tests/Mocks/MockAPIClient.swift,
				Tests/Mocks/MockCacheStore.swift,
				Tests/Mocks/MockLogger.swift,
				Tests/Mocks/MockPortfolioRepository.swift,
				Tests/Models/CoinTests.swift,
				Tests/Networking/APIClientTests.swift,
				Tests/Networking/RequestBuilderTests.swift,
				Tests/Networking/ResponseValidatorTests.swift,
				Tests/Networking/URLSessionAPIClientTests.swift,
				Tests/Repositories/CoinRepositoryTests.swift,
				Tests/Repositories/PortfolioRepositoryTests.swift,
				Tests/Utilities/LoggerTests.swift,
				Tests/ViewModel/HomeViewModelTests.swift,
				Tests/ViewModel/MarketViewModelTests.swift,
			);
			target = 654548DA30077F48005BB222 /* CryptoPulseTests */;
		};
/* End PBXFileSystemSynchronizedBuildFileExceptionSet section */

/* Begin PBXFileSystemSynchronizedRootGroup section */
		654548CE30077F47005BB222 /* CryptoPulse */ = {
			isa = PBXFileSystemSynchronizedRootGroup;
			path = CryptoPulse;
			sourceTree = "<group>";
		};
		654548DE30077F48005BB222 /* CryptoPulseTests */ = {
			isa = PBXFileSystemSynchronizedRootGroup;
			exceptions = (
				656C89293008DD4200569FDD /* Exceptions for "CryptoPulseTests" folder in "CryptoPulse" target */,
				656C892A3008DD4200569FDD /* Exceptions for "CryptoPulseTests" folder in "CryptoPulseTests" target */,
			);
			path = CryptoPulseTests;
			sourceTree = "<group>";
		};
		654548E830077F48005BB222 /* CryptoPulseUITests */ = {
			isa = PBXFileSystemSynchronizedRootGroup;
			path = CryptoPulseUITests;
			sourceTree = "<group>";
		};
		654548F630078059005BB222 /* Documents */ = {
			isa = PBXFileSystemSynchronizedRootGroup;
			path = Documents;
			sourceTree = "<group>";
		};
/* End PBXFileSystemSynchronizedRootGroup section */

/* Begin PBXFrameworksBuildPhase section */
		654548C930077F47005BB222 /* Frameworks */ = {
			isa = PBXFrameworksBuildPhase;
			files = (
			);
		};
		654548D830077F48005BB222 /* Frameworks */ = {
			isa = PBXFrameworksBuildPhase;
			files = (
			);
		};
		654548E230077F48005BB222 /* Frameworks */ = {
			isa = PBXFrameworksBuildPhase;
			files = (
			);
		};
/* End PBXFrameworksBuildPhase section */

/* Begin PBXGroup section */
		654548C330077F47005BB222 = {
			isa = PBXGroup;
			children = (
				654548F630078059005BB222 /* Documents */,
				654548CE30077F47005BB222 /* CryptoPulse */,
				654548DE30077F48005BB222 /* CryptoPulseTests */,
				654548E830077F48005BB222 /* CryptoPulseUITests */,
				654548CD30077F47005BB222 /* Products */,
			);
			sourceTree = "<group>";
		};
		654548CD30077F47005BB222 /* Products */ = {
			isa = PBXGroup;
			children = (
				654548CC30077F47005BB222 /* CryptoPulse.app */,
				654548DB30077F48005BB222 /* CryptoPulseTests.xctest */,
				654548E530077F48005BB222 /* CryptoPulseUITests.xctest */,
			);
			name = Products;
			sourceTree = "<group>";
		};
/* End PBXGroup section */

/* Begin PBXNativeTarget section */
		654548CB30077F47005BB222 /* CryptoPulse */ = {
			isa = PBXNativeTarget;
			buildConfigurationList = 654548ED30077F48005BB222 /* Build configuration list for PBXNativeTarget "CryptoPulse" */;
			buildPhases = (
				654548C830077F47005BB222 /* Sources */,
				656C88D23008DA0F00569FDD /* ShellScript */,
				654548C930077F47005BB222 /* Frameworks */,
				654548CA30077F47005BB222 /* Resources */,
			);
			buildRules = (
			);
			fileSystemSynchronizedGroups = (
				654548CE30077F47005BB222 /* CryptoPulse */,
				654548F630078059005BB222 /* Documents */,
			);
			name = CryptoPulse;
			productName = CryptoPulse;
			productReference = 654548CC30077F47005BB222 /* CryptoPulse.app */;
			productType = "com.apple.product-type.application";
		};
		654548DA30077F48005BB222 /* CryptoPulseTests */ = {
			isa = PBXNativeTarget;
			buildConfigurationList = 654548F030077F48005BB222 /* Build configuration list for PBXNativeTarget "CryptoPulseTests" */;
			buildPhases = (
				654548D730077F48005BB222 /* Sources */,
				654548D830077F48005BB222 /* Frameworks */,
				654548D930077F48005BB222 /* Resources */,
			);
			buildRules = (
			);
			dependencies = (
				654548DD30077F48005BB222 /* PBXTargetDependency */,
			);
			fileSystemSynchronizedGroups = (
				654548DE30077F48005BB222 /* CryptoPulseTests */,
			);
			name = CryptoPulseTests;
			productName = CryptoPulseTests;
			productReference = 654548DB30077F48005BB222 /* CryptoPulseTests.xctest */;
			productType = "com.apple.product-type.bundle.unit-test";
		};
		654548E430077F48005BB222 /* CryptoPulseUITests */ = {
			isa = PBXNativeTarget;
			buildConfigurationList = 654548F330077F48005BB222 /* Build configuration list for PBXNativeTarget "CryptoPulseUITests" */;
			buildPhases = (
				654548E130077F48005BB222 /* Sources */,
				654548E230077F48005BB222 /* Frameworks */,
				654548E330077F48005BB222 /* Resources */,
			);
			buildRules = (
			);
			dependencies = (
				654548E730077F48005BB222 /* PBXTargetDependency */,
			);
			fileSystemSynchronizedGroups = (
				654548E830077F48005BB222 /* CryptoPulseUITests */,
			);
			name = CryptoPulseUITests;
			productName = CryptoPulseUITests;
			productReference = 654548E530077F48005BB222 /* CryptoPulseUITests.xctest */;
			productType = "com.apple.product-type.bundle.ui-testing";
		};
/* End PBXNativeTarget section */

/* Begin PBXProject section */
		654548C430077F47005BB222 /* Project object */ = {
			isa = PBXProject;
			attributes = {
				BuildIndependentTargetsInParallel = 1;
				LastSwiftUpdateCheck = 2700;
				LastUpgradeCheck = 2700;
				TargetAttributes = {
					654548CB30077F47005BB222 = {
						CreatedOnToolsVersion = 27.0;
					};
					654548DA30077F48005BB222 = {
						CreatedOnToolsVersion = 27.0;
						TestTargetID = 654548CB30077F47005BB222;
					};
					654548E430077F48005BB222 = {
						CreatedOnToolsVersion = 27.0;
						TestTargetID = 654548CB30077F47005BB222;
					};
				};
			};
			buildConfigurationList = 654548C730077F47005BB222 /* Build configuration list for PBXProject "CryptoPulse" */;
			developmentRegion = en;
			hasScannedForEncodings = 0;
			knownRegions = (
				en,
				Base,
			);
			mainGroup = 654548C330077F47005BB222;
			minimizedProjectReferenceProxies = 1;
			preferredProjectObjectVersion = 77;
			productRefGroup = 654548CD30077F47005BB222 /* Products */;
			projectDirPath = "";
			projectRoot = "";
			targets = (
				654548CB30077F47005BB222 /* CryptoPulse */,
				654548DA30077F48005BB222 /* CryptoPulseTests */,
				654548E430077F48005BB222 /* CryptoPulseUITests */,
			);
		};
/* End PBXProject section */

/* Begin PBXResourcesBuildPhase section */
		654548CA30077F47005BB222 /* Resources */ = {
			isa = PBXResourcesBuildPhase;
			files = (
			);
		};
		654548D930077F48005BB222 /* Resources */ = {
			isa = PBXResourcesBuildPhase;
			files = (
			);
		};
		654548E330077F48005BB222 /* Resources */ = {
			isa = PBXResourcesBuildPhase;
			files = (
			);
		};
/* End PBXResourcesBuildPhase section */

/* Begin PBXShellScriptBuildPhase section */
		656C88D23008DA0F00569FDD /* ShellScript */ = {
			isa = PBXShellScriptBuildPhase;
			shellPath = /bin/sh;
			shellScript = (
				"# Type a script or drag a script file from your workspace to insert its path.",
				"if which swiftlint >/dev/null; then",
				"    swiftlint",
				"else",
				"    echo \"warning: SwiftLint not installed\"",
				"fi",
				"",
			);
		};
/* End PBXShellScriptBuildPhase section */

/* Begin PBXSourcesBuildPhase section */
		654548C830077F47005BB222 /* Sources */ = {
			isa = PBXSourcesBuildPhase;
			files = (
			);
		};
		654548D730077F48005BB222 /* Sources */ = {
			isa = PBXSourcesBuildPhase;
			files = (
			);
		};
		654548E130077F48005BB222 /* Sources */ = {
			isa = PBXSourcesBuildPhase;
			files = (
			);
		};
/* End PBXSourcesBuildPhase section */

/* Begin PBXTargetDependency section */
		654548DD30077F48005BB222 /* PBXTargetDependency */ = {
			isa = PBXTargetDependency;
			target = 654548CB30077F47005BB222 /* CryptoPulse */;
			targetProxy = 654548DC30077F48005BB222 /* PBXContainerItemProxy */;
		};
		654548E730077F48005BB222 /* PBXTargetDependency */ = {
			isa = PBXTargetDependency;
			target = 654548CB30077F47005BB222 /* CryptoPulse */;
			targetProxy = 654548E630077F48005BB222 /* PBXContainerItemProxy */;
		};
/* End PBXTargetDependency section */

/* Begin XCBuildConfiguration section */
		654548EB30077F48005BB222 /* Debug configuration for PBXProject "CryptoPulse" */ = {
			isa = XCBuildConfiguration;
			buildSettings = {
				ALWAYS_SEARCH_USER_PATHS = NO;
				ASSETCATALOG_COMPILER_GENERATE_SWIFT_ASSET_SYMBOL_EXTENSIONS = YES;
				CLANG_ANALYZER_NONNULL = YES;
				CLANG_ANALYZER_NUMBER_OBJECT_CONVERSION = YES_AGGRESSIVE;
				CLANG_CXX_LANGUAGE_STANDARD = "gnu++20";
				CLANG_ENABLE_MODULES = YES;
				CLANG_ENABLE_OBJC_ARC = YES;
				CLANG_ENABLE_OBJC_WEAK = YES;
				CLANG_WARN_BLOCK_CAPTURE_AUTORELEASING = YES;
				CLANG_WARN_BOOL_CONVERSION = YES;
				CLANG_WARN_COMMA = YES;
				CLANG_WARN_CONSTANT_CONVERSION = YES;
				CLANG_WARN_DEPRECATED_OBJC_IMPLEMENTATIONS = YES;
				CLANG_WARN_DIRECT_OBJC_ISA_USAGE = YES_ERROR;
				CLANG_WARN_DOCUMENTATION_COMMENTS = YES;
				CLANG_WARN_EMPTY_BODY = YES;
				CLANG_WARN_ENUM_CONVERSION = YES;
				CLANG_WARN_INFINITE_RECURSION = YES;
				CLANG_WARN_INT_CONVERSION = YES;
				CLANG_WARN_NON_LITERAL_NULL_CONVERSION = YES;
				CLANG_WARN_OBJC_IMPLICIT_RETAIN_SELF = YES;
				CLANG_WARN_OBJC_LITERAL_CONVERSION = YES;
				CLANG_WARN_OBJC_ROOT_CLASS = YES_ERROR;
				CLANG_WARN_QUOTED_INCLUDE_IN_FRAMEWORK_HEADER = YES;
				CLANG_WARN_RANGE_LOOP_ANALYSIS = YES;
				CLANG_WARN_STRICT_PROTOTYPES = YES;
				CLANG_WARN_SUSPICIOUS_MOVE = YES;
				CLANG_WARN_UNGUARDED_AVAILABILITY = YES_AGGRESSIVE;
				CLANG_WARN_UNREACHABLE_CODE = YES;
				CLANG_WARN__DUPLICATE_METHOD_MATCH = YES;
				COPY_PHASE_STRIP = NO;
				DEBUG_INFORMATION_FORMAT = dwarf;
				DEVELOPMENT_TEAM = 6VZ35QKS9T;
				ENABLE_STRICT_OBJC_MSGSEND = YES;
				ENABLE_TESTABILITY = YES;
				ENABLE_USER_SCRIPT_SANDBOXING = YES;
				GCC_C_LANGUAGE_STANDARD = gnu17;
				GCC_DYNAMIC_NO_PIC = NO;
				GCC_NO_COMMON_BLOCKS = YES;
				GCC_OPTIMIZATION_LEVEL = 0;
				GCC_PREPROCESSOR_DEFINITIONS = (
					"DEBUG=1",
					"$(inherited)",
				);
				GCC_WARN_64_TO_32_BIT_CONVERSION = YES;
				GCC_WARN_ABOUT_RETURN_TYPE = YES_ERROR;
				GCC_WARN_UNDECLARED_SELECTOR = YES;
				GCC_WARN_UNINITIALIZED_AUTOS = YES_AGGRESSIVE;
				GCC_WARN_UNUSED_FUNCTION = YES;
				GCC_WARN_UNUSED_VARIABLE = YES;
				IPHONEOS_DEPLOYMENT_TARGET = 27.0;
				LOCALIZATION_PREFERS_STRING_CATALOGS = YES;
				MTL_ENABLE_DEBUG_INFO = INCLUDE_SOURCE;
				MTL_FAST_MATH = YES;
				ONLY_ACTIVE_ARCH = YES;
				SDKROOT = iphoneos;
				SWIFT_ACTIVE_COMPILATION_CONDITIONS = "DEBUG $(inherited)";
				SWIFT_OPTIMIZATION_LEVEL = "-Onone";
			};
			name = Debug;
		};
		654548EC30077F48005BB222 /* Release configuration for PBXProject "CryptoPulse" */ = {
			isa = XCBuildConfiguration;
			buildSettings = {
				ALWAYS_SEARCH_USER_PATHS = NO;
				ASSETCATALOG_COMPILER_GENERATE_SWIFT_ASSET_SYMBOL_EXTENSIONS = YES;
				CLANG_ANALYZER_NONNULL = YES;
				CLANG_ANALYZER_NUMBER_OBJECT_CONVERSION = YES_AGGRESSIVE;
				CLANG_CXX_LANGUAGE_STANDARD = "gnu++20";
				CLANG_ENABLE_MODULES = YES;
				CLANG_ENABLE_OBJC_ARC = YES;
				CLANG_ENABLE_OBJC_WEAK = YES;
				CLANG_WARN_BLOCK_CAPTURE_AUTORELEASING = YES;
				CLANG_WARN_BOOL_CONVERSION = YES;
				CLANG_WARN_COMMA = YES;
				CLANG_WARN_CONSTANT_CONVERSION = YES;
				CLANG_WARN_DEPRECATED_OBJC_IMPLEMENTATIONS = YES;
				CLANG_WARN_DIRECT_OBJC_ISA_USAGE = YES_ERROR;
				CLANG_WARN_DOCUMENTATION_COMMENTS = YES;
				CLANG_WARN_EMPTY_BODY = YES;
				CLANG_WARN_ENUM_CONVERSION = YES;
				CLANG_WARN_INFINITE_RECURSION = YES;
				CLANG_WARN_INT_CONVERSION = YES;
				CLANG_WARN_NON_LITERAL_NULL_CONVERSION = YES;
				CLANG_WARN_OBJC_IMPLICIT_RETAIN_SELF = YES;
				CLANG_WARN_OBJC_LITERAL_CONVERSION = YES;
				CLANG_WARN_OBJC_ROOT_CLASS = YES_ERROR;
				CLANG_WARN_QUOTED_INCLUDE_IN_FRAMEWORK_HEADER = YES;
				CLANG_WARN_RANGE_LOOP_ANALYSIS = YES;
				CLANG_WARN_STRICT_PROTOTYPES = YES;
				CLANG_WARN_SUSPICIOUS_MOVE = YES;
				CLANG_WARN_UNGUARDED_AVAILABILITY = YES_AGGRESSIVE;
				CLANG_WARN_UNREACHABLE_CODE = YES;
				CLANG_WARN__DUPLICATE_METHOD_MATCH = YES;
				COPY_PHASE_STRIP = NO;
				DEBUG_INFORMATION_FORMAT = "dwarf-with-dsym";
				DEVELOPMENT_TEAM = 6VZ35QKS9T;
				ENABLE_NS_ASSERTIONS = NO;
				ENABLE_STRICT_OBJC_MSGSEND = YES;
				ENABLE_USER_SCRIPT_SANDBOXING = YES;
				GCC_C_LANGUAGE_STANDARD = gnu17;
				GCC_NO_COMMON_BLOCKS = YES;
				GCC_WARN_64_TO_32_BIT_CONVERSION = YES;
				GCC_WARN_ABOUT_RETURN_TYPE = YES_ERROR;
				GCC_WARN_UNDECLARED_SELECTOR = YES;
				GCC_WARN_UNINITIALIZED_AUTOS = YES_AGGRESSIVE;
				GCC_WARN_UNUSED_FUNCTION = YES;
				GCC_WARN_UNUSED_VARIABLE = YES;
				IPHONEOS_DEPLOYMENT_TARGET = 27.0;
				LOCALIZATION_PREFERS_STRING_CATALOGS = YES;
				MTL_ENABLE_DEBUG_INFO = NO;
				MTL_FAST_MATH = YES;
				SDKROOT = iphoneos;
				SWIFT_COMPILATION_MODE = wholemodule;
				VALIDATE_PRODUCT = YES;
			};
			name = Release;
		};
		654548EE30077F48005BB222 /* Debug configuration for PBXNativeTarget "CryptoPulse" */ = {
			isa = XCBuildConfiguration;
			buildSettings = {
				ASSETCATALOG_COMPILER_APPICON_NAME = AppIcon;
				ASSETCATALOG_COMPILER_GLOBAL_ACCENT_COLOR_NAME = AccentColor;
				CODE_SIGN_STYLE = Automatic;
				CURRENT_PROJECT_VERSION = 1;
				DEVELOPMENT_TEAM = 6VZ35QKS9T;
				ENABLE_PREVIEWS = YES;
				ENABLE_TESTING_SEARCH_PATHS = YES;
				GENERATE_INFOPLIST_FILE = YES;
				INFOPLIST_KEY_UIApplicationSceneManifest_Generation = YES;
				INFOPLIST_KEY_UIApplicationSupportsIndirectInputEvents = YES;
				INFOPLIST_KEY_UILaunchScreen_Generation = YES;
				INFOPLIST_KEY_UISupportedInterfaceOrientations_iPad = "UIInterfaceOrientationPortrait UIInterfaceOrientationPortraitUpsideDown UIInterfaceOrientationLandscapeLeft UIInterfaceOrientationLandscapeRight";
				INFOPLIST_KEY_UISupportedInterfaceOrientations_iPhone = "UIInterfaceOrientationPortrait UIInterfaceOrientationLandscapeLeft UIInterfaceOrientationLandscapeRight";
				IPHONEOS_DEPLOYMENT_TARGET = 26.6;
				LD_RUNPATH_SEARCH_PATHS = (
					"$(inherited)",
					"@executable_path/Frameworks",
				);
				MARKETING_VERSION = 1.0;
				PRODUCT_BUNDLE_IDENTIFIER = com.swiftly.CryptoPulse;
				PRODUCT_NAME = "$(TARGET_NAME)";
				STRING_CATALOG_GENERATE_SYMBOLS = YES;
				SWIFT_APPROACHABLE_CONCURRENCY = YES;
				SWIFT_DEFAULT_ACTOR_ISOLATION = MainActor;
				SWIFT_EMIT_LOC_STRINGS = YES;
				SWIFT_UPCOMING_FEATURE_MEMBER_IMPORT_VISIBILITY = YES;
				SWIFT_VERSION = 5.0;
				TARGETED_DEVICE_FAMILY = "1,2";
			};
			name = Debug;
		};
		654548EF30077F48005BB222 /* Release configuration for PBXNativeTarget "CryptoPulse" */ = {
			isa = XCBuildConfiguration;
			buildSettings = {
				ASSETCATALOG_COMPILER_APPICON_NAME = AppIcon;
				ASSETCATALOG_COMPILER_GLOBAL_ACCENT_COLOR_NAME = AccentColor;
				CODE_SIGN_STYLE = Automatic;
				CURRENT_PROJECT_VERSION = 1;
				DEVELOPMENT_TEAM = 6VZ35QKS9T;
				ENABLE_PREVIEWS = YES;
				ENABLE_TESTING_SEARCH_PATHS = YES;
				GENERATE_INFOPLIST_FILE = YES;
				INFOPLIST_KEY_UIApplicationSceneManifest_Generation = YES;
				INFOPLIST_KEY_UIApplicationSupportsIndirectInputEvents = YES;
				INFOPLIST_KEY_UILaunchScreen_Generation = YES;
				INFOPLIST_KEY_UISupportedInterfaceOrientations_iPad = "UIInterfaceOrientationPortrait UIInterfaceOrientationPortraitUpsideDown UIInterfaceOrientationLandscapeLeft UIInterfaceOrientationLandscapeRight";
				INFOPLIST_KEY_UISupportedInterfaceOrientations_iPhone = "UIInterfaceOrientationPortrait UIInterfaceOrientationLandscapeLeft UIInterfaceOrientationLandscapeRight";
				IPHONEOS_DEPLOYMENT_TARGET = 26.6;
				LD_RUNPATH_SEARCH_PATHS = (
					"$(inherited)",
					"@executable_path/Frameworks",
				);
				MARKETING_VERSION = 1.0;
				PRODUCT_BUNDLE_IDENTIFIER = com.swiftly.CryptoPulse;
				PRODUCT_NAME = "$(TARGET_NAME)";
				STRING_CATALOG_GENERATE_SYMBOLS = YES;
				SWIFT_APPROACHABLE_CONCURRENCY = YES;
				SWIFT_DEFAULT_ACTOR_ISOLATION = MainActor;
				SWIFT_EMIT_LOC_STRINGS = YES;
				SWIFT_UPCOMING_FEATURE_MEMBER_IMPORT_VISIBILITY = YES;
				SWIFT_VERSION = 5.0;
				TARGETED_DEVICE_FAMILY = "1,2";
			};
			name = Release;
		};
		654548F130077F48005BB222 /* Debug configuration for PBXNativeTarget "CryptoPulseTests" */ = {
			isa = XCBuildConfiguration;
			buildSettings = {
				BUNDLE_LOADER = "$(TEST_HOST)";
				CODE_SIGN_STYLE = Automatic;
				CURRENT_PROJECT_VERSION = 1;
				DEVELOPMENT_TEAM = 6VZ35QKS9T;
				GENERATE_INFOPLIST_FILE = YES;
				IPHONEOS_DEPLOYMENT_TARGET = 27.0;
				MARKETING_VERSION = 1.0;
				PRODUCT_BUNDLE_IDENTIFIER = com.swiftly.CryptoPulseTests;
				PRODUCT_NAME = "$(TARGET_NAME)";
				STRING_CATALOG_GENERATE_SYMBOLS = NO;
				SWIFT_APPROACHABLE_CONCURRENCY = YES;
				SWIFT_EMIT_LOC_STRINGS = NO;
				SWIFT_UPCOMING_FEATURE_MEMBER_IMPORT_VISIBILITY = YES;
				SWIFT_VERSION = 5.0;
				TARGETED_DEVICE_FAMILY = "1,2";
				TEST_HOST = "$(BUILT_PRODUCTS_DIR)/CryptoPulse.app/$(BUNDLE_EXECUTABLE_FOLDER_PATH)/CryptoPulse";
			};
			name = Debug;
		};
		654548F230077F48005BB222 /* Release configuration for PBXNativeTarget "CryptoPulseTests" */ = {
			isa = XCBuildConfiguration;
			buildSettings = {
				BUNDLE_LOADER = "$(TEST_HOST)";
				CODE_SIGN_STYLE = Automatic;
				CURRENT_PROJECT_VERSION = 1;
				DEVELOPMENT_TEAM = 6VZ35QKS9T;
				GENERATE_INFOPLIST_FILE = YES;
				IPHONEOS_DEPLOYMENT_TARGET = 27.0;
				MARKETING_VERSION = 1.0;
				PRODUCT_BUNDLE_IDENTIFIER = com.swiftly.CryptoPulseTests;
				PRODUCT_NAME = "$(TARGET_NAME)";
				STRING_CATALOG_GENERATE_SYMBOLS = NO;
				SWIFT_APPROACHABLE_CONCURRENCY = YES;
				SWIFT_EMIT_LOC_STRINGS = NO;
				SWIFT_UPCOMING_FEATURE_MEMBER_IMPORT_VISIBILITY = YES;
				SWIFT_VERSION = 5.0;
				TARGETED_DEVICE_FAMILY = "1,2";
				TEST_HOST = "$(BUILT_PRODUCTS_DIR)/CryptoPulse.app/$(BUNDLE_EXECUTABLE_FOLDER_PATH)/CryptoPulse";
			};
			name = Release;
		};
		654548F430077F48005BB222 /* Debug configuration for PBXNativeTarget "CryptoPulseUITests" */ = {
			isa = XCBuildConfiguration;
			buildSettings = {
				CODE_SIGN_STYLE = Automatic;
				CURRENT_PROJECT_VERSION = 1;
				DEVELOPMENT_TEAM = 6VZ35QKS9T;
				GENERATE_INFOPLIST_FILE = YES;
				MARKETING_VERSION = 1.0;
				PRODUCT_BUNDLE_IDENTIFIER = com.swiftly.CryptoPulseUITests;
				PRODUCT_NAME = "$(TARGET_NAME)";
				STRING_CATALOG_GENERATE_SYMBOLS = NO;
				SWIFT_APPROACHABLE_CONCURRENCY = YES;
				SWIFT_EMIT_LOC_STRINGS = NO;
				SWIFT_UPCOMING_FEATURE_MEMBER_IMPORT_VISIBILITY = YES;
				SWIFT_VERSION = 5.0;
				TARGETED_DEVICE_FAMILY = "1,2";
				TEST_TARGET_NAME = CryptoPulse;
			};
			name = Debug;
		};
		654548F530077F48005BB222 /* Release configuration for PBXNativeTarget "CryptoPulseUITests" */ = {
			isa = XCBuildConfiguration;
			buildSettings = {
				CODE_SIGN_STYLE = Automatic;
				CURRENT_PROJECT_VERSION = 1;
				DEVELOPMENT_TEAM = 6VZ35QKS9T;
				GENERATE_INFOPLIST_FILE = YES;
				MARKETING_VERSION = 1.0;
				PRODUCT_BUNDLE_IDENTIFIER = com.swiftly.CryptoPulseUITests;
				PRODUCT_NAME = "$(TARGET_NAME)";
				STRING_CATALOG_GENERATE_SYMBOLS = NO;
				SWIFT_APPROACHABLE_CONCURRENCY = YES;
				SWIFT_EMIT_LOC_STRINGS = NO;
				SWIFT_UPCOMING_FEATURE_MEMBER_IMPORT_VISIBILITY = YES;
				SWIFT_VERSION = 5.0;
				TARGETED_DEVICE_FAMILY = "1,2";
				TEST_TARGET_NAME = CryptoPulse;
			};
			name = Release;
		};
/* End XCBuildConfiguration section */

/* Begin XCConfigurationList section */
		654548C730077F47005BB222 /* Build configuration list for PBXProject "CryptoPulse" */ = {
			isa = XCConfigurationList;
			buildConfigurations = (
				654548EB30077F48005BB222 /* Debug configuration for PBXProject "CryptoPulse" */,
				654548EC30077F48005BB222 /* Release configuration for PBXProject "CryptoPulse" */,
			);
			defaultConfigurationName = Release;
		};
		654548ED30077F48005BB222 /* Build configuration list for PBXNativeTarget "CryptoPulse" */ = {
			isa = XCConfigurationList;
			buildConfigurations = (
				654548EE30077F48005BB222 /* Debug configuration for PBXNativeTarget "CryptoPulse" */,
				654548EF30077F48005BB222 /* Release configuration for PBXNativeTarget "CryptoPulse" */,
			);
			defaultConfigurationName = Release;
		};
		654548F030077F48005BB222 /* Build configuration list for PBXNativeTarget "CryptoPulseTests" */ = {
			isa = XCConfigurationList;
			buildConfigurations = (
				654548F130077F48005BB222 /* Debug configuration for PBXNativeTarget "CryptoPulseTests" */,
				654548F230077F48005BB222 /* Release configuration for PBXNativeTarget "CryptoPulseTests" */,
			);
			defaultConfigurationName = Release;
		};
		654548F330077F48005BB222 /* Build configuration list for PBXNativeTarget "CryptoPulseUITests" */ = {
			isa = XCConfigurationList;
			buildConfigurations = (
				654548F430077F48005BB222 /* Debug configuration for PBXNativeTarget "CryptoPulseUITests" */,
				654548F530077F48005BB222 /* Release configuration for PBXNativeTarget "CryptoPulseUITests" */,
			);
			defaultConfigurationName = Release;
		};
/* End XCConfigurationList section */
	};
	rootObject = 654548C430077F47005BB222 /* Project object */;
	validationLevel = 1;
}
